
Microsoft Visual Studio Solution File, Format Version 12.00
# Visual Studio Version 17
VisualStudioVersion = 17.4.33205.214
MinimumVisualStudioVersion = 10.0.40219.1
Project("{FAE04EC0-301F-11D3-BF4B-00C04F79EFBC}") = "FinalTestWork", "FinalTestWork.csproj", "{2B4A4357-7694-4A86-A745-2EA99D159415}"
EndProject
Global
	GlobalSection(SolutionConfigurationPlatforms) = preSolution
		Debug|Any CPU = Debug|Any CPU
		Release|Any CPU = Release|Any CPU
	EndGlobalSection
	GlobalSection(ProjectConfigurationPlatforms) = postSolution
		{2B4A4357-7694-4A86-A745-2EA99D159415}.Debug|Any CPU.ActiveCfg = Debug|Any CPU
		{2B4A4357-7694-4A86-A745-2EA99D159415}.Debug|Any CPU.Build.0 = Debug|Any CPU
		{2B4A4357-7694-4A86-A745-2EA99D159415}.Release|Any CPU.ActiveCfg = Release|Any CPU
		{2B4A4357-7694-4A86-A745-2EA99D159415}.Release|Any CPU.Build.0 = Release|Any CPU
	EndGlobalSection
	GlobalSection(SolutionProperties) = preSolution
		HideSolutionNode = FALSE
	EndGlobalSection
	GlobalSection(ExtensibilityGlobals) = postSolution
		SolutionGuid = {9F4F2B24-339F-4525-8708-5FC45158F8D5}
	EndGlobalSection
EndGlobal
